// !$*UTF8*$!
{
	archiveVersion = 1;
	classes = {
	};
	objectVersion = 50;
	objects = {

/* Begin PBXBuildFile section */
		992E0EC426D981910093EA3C /* CreateLinkView.swift in Sources */ = {isa = PBXBuildFile; fileRef = 992E0EC326D981910093EA3C /* CreateLinkView.swift */; };
		992E0EC626DADD7F0093EA3C /* ScannerViewController.swift in Sources */ = {isa = PBXBuildFile; fileRef = 992E0EC526DADD7F0093EA3C /* ScannerViewController.swift */; };
		992E0EC826DAE0230093EA3C /* ScannerView.swift in Sources */ = {isa = PBXBuildFile; fileRef = 992E0EC726DAE0230093EA3C /* ScannerView.swift */; };
		992E0ECA26DAEC4D0093EA3C /* LinksView.swift in Sources */ = {isa = PBXBuildFile; fileRef = 992E0EC926DAEC4D0093EA3C /* LinksView.swift */; };
		9953EC3E26DEB201001EBFC5 /* LinkView.swift in Sources */ = {isa = PBXBuildFile; fileRef = 9953EC3D26DEB201001EBFC5 /* LinkView.swift */; };
		9988F2B026D9716A0093675E /* Book+CoreDataClass.swift in Sources */ = {isa = PBXBuildFile; fileRef = 9988F2AE26D9716A0093675E /* Book+CoreDataClass.swift */; };
		9988F2B126D9716A0093675E /* Book+CoreDataProperties.swift in Sources */ = {isa = PBXBuildFile; fileRef = 9988F2AF26D9716A0093675E /* Book+CoreDataProperties.swift */; };
		9988F2B426D972490093675E /* Books.xcdatamodeld in Sources */ = {isa = PBXBuildFile; fileRef = 9988F2B226D972490093675E /* Books.xcdatamodeld */; };
		9988F2B626D973150093675E /* BooksView.swift in Sources */ = {isa = PBXBuildFile; fileRef = 9988F2B526D973150093675E /* BooksView.swift */; };
		9988F2B926D978490093675E /* Link+CoreDataClass.swift in Sources */ = {isa = PBXBuildFile; fileRef = 9988F2B726D978490093675E /* Link+CoreDataClass.swift */; };
		9988F2BA26D978490093675E /* Link+CoreDataProperties.swift in Sources */ = {isa = PBXBuildFile; fileRef = 9988F2B826D978490093675E /* Link+CoreDataProperties.swift */; };
		99D04944262DF34800241FAD /* ContentView.swift in Sources */ = {isa = PBXBuildFile; fileRef = 99D04943262DF34800241FAD /* ContentView.swift */; };
		99D04946262DF34A00241FAD /* Assets.xcassets in Resources */ = {isa = PBXBuildFile; fileRef = 99D04945262DF34A00241FAD /* Assets.xcassets */; };
		99D04949262DF34A00241FAD /* Preview Assets.xcassets in Resources */ = {isa = PBXBuildFile; fileRef = 99D04948262DF34A00241FAD /* Preview Assets.xcassets */; };
		99E3E9B826D949DB00B13674 /* AppDelegate.swift in Sources */ = {isa = PBXBuildFile; fileRef = 99E3E9B726D949DB00B13674 /* AppDelegate.swift */; };
		99E3E9BF26D94FDD00B13674 /* SceneDelegate.swift in Sources */ = {isa = PBXBuildFile; fileRef = 99E3E9BE26D94FDD00B13674 /* SceneDelegate.swift */; };
		99E3E9C126D953FD00B13674 /* CreateBookView.swift in Sources */ = {isa = PBXBuildFile; fileRef = 99E3E9C026D953FD00B13674 /* CreateBookView.swift */; };
		99FA202A26DB062E006AD0D1 /* IconEditView.swift in Sources */ = {isa = PBXBuildFile; fileRef = 99FA202926DB062E006AD0D1 /* IconEditView.swift */; };
		99FA202C26DC0ADE006AD0D1 /* Image.swift in Sources */ = {isa = PBXBuildFile; fileRef = 99FA202B26DC0ADE006AD0D1 /* Image.swift */; };
		99FA202E26DC269B006AD0D1 /* LinkComposerView.swift in Sources */ = {isa = PBXBuildFile; fileRef = 99FA202D26DC269B006AD0D1 /* LinkComposerView.swift */; };
		99FA203026DD2E93006AD0D1 /* LinkComposerActionsView.swift in Sources */ = {isa = PBXBuildFile; fileRef = 99FA202F26DD2E93006AD0D1 /* LinkComposerActionsView.swift */; };
		99FA203226DD3638006AD0D1 /* LinkComposerActionOptionsView.swift in Sources */ = {isa = PBXBuildFile; fileRef = 99FA203126DD3638006AD0D1 /* LinkComposerActionOptionsView.swift */; };
		99FA203526DD5970006AD0D1 /* SymbolsList.swift in Sources */ = {isa = PBXBuildFile; fileRef = 99FA203426DD5970006AD0D1 /* SymbolsList.swift */; };
		99FA203826DD6E33006AD0D1 /* LinkComposer.swift in Sources */ = {isa = PBXBuildFile; fileRef = 99FA203726DD6E33006AD0D1 /* LinkComposer.swift */; };
/* End PBXBuildFile section */

/* Begin PBXFileReference section */
		992E0EC326D981910093EA3C /* CreateLinkView.swift */ = {isa = PBXFileReference; lastKnownFileType = sourcecode.swift; path = CreateLinkView.swift; sourceTree = "<group>"; };
		992E0EC526DADD7F0093EA3C /* ScannerViewController.swift */ = {isa = PBXFileReference; lastKnownFileType = sourcecode.swift; path = ScannerViewController.swift; sourceTree = "<group>"; };
		992E0EC726DAE0230093EA3C /* ScannerView.swift */ = {isa = PBXFileReference; lastKnownFileType = sourcecode.swift; path = ScannerView.swift; sourceTree = "<group>"; };
		992E0EC926DAEC4D0093EA3C /* LinksView.swift */ = {isa = PBXFileReference; lastKnownFileType = sourcecode.swift; path = LinksView.swift; sourceTree = "<group>"; };
		9953EC3D26DEB201001EBFC5 /* LinkView.swift */ = {isa = PBXFileReference; lastKnownFileType = sourcecode.swift; path = LinkView.swift; sourceTree = "<group>"; };
		9988F2AE26D9716A0093675E /* Book+CoreDataClass.swift */ = {isa = PBXFileReference; lastKnownFileType = sourcecode.swift; path = "Book+CoreDataClass.swift"; sourceTree = "<group>"; };
		9988F2AF26D9716A0093675E /* Book+CoreDataProperties.swift */ = {isa = PBXFileReference; lastKnownFileType = sourcecode.swift; path = "Book+CoreDataProperties.swift"; sourceTree = "<group>"; };
		9988F2B326D972490093675E /* Books.xcdatamodel */ = {isa = PBXFileReference; lastKnownFileType = wrapper.xcdatamodel; path = Books.xcdatamodel; sourceTree = "<group>"; };
		9988F2B526D973150093675E /* BooksView.swift */ = {isa = PBXFileReference; lastKnownFileType = sourcecode.swift; path = BooksView.swift; sourceTree = "<group>"; };
		9988F2B726D978490093675E /* Link+CoreDataClass.swift */ = {isa = PBXFileReference; lastKnownFileType = sourcecode.swift; path = "Link+CoreDataClass.swift"; sourceTree = "<group>"; };
		9988F2B826D978490093675E /* Link+CoreDataProperties.swift */ = {isa = PBXFileReference; lastKnownFileType = sourcecode.swift; path = "Link+CoreDataProperties.swift"; sourceTree = "<group>"; };
		99D0493E262DF34800241FAD /* ReadMe.app */ = {isa = PBXFileReference; explicitFileType = wrapper.application; includeInIndex = 0; path = ReadMe.app; sourceTree = BUILT_PRODUCTS_DIR; };
		99D04943262DF34800241FAD /* ContentView.swift */ = {isa = PBXFileReference; lastKnownFileType = sourcecode.swift; path = ContentView.swift; sourceTree = "<group>"; };
		99D04945262DF34A00241FAD /* Assets.xcassets */ = {isa = PBXFileReference; lastKnownFileType = folder.assetcatalog; path = Assets.xcassets; sourceTree = "<group>"; };
		99D04948262DF34A00241FAD /* Preview Assets.xcassets */ = {isa = PBXFileReference; lastKnownFileType = folder.assetcatalog; path = "Preview Assets.xcassets"; sourceTree = "<group>"; };
		99D0494A262DF34A00241FAD /* Info.plist */ = {isa = PBXFileReference; lastKnownFileType = text.plist.xml; path = Info.plist; sourceTree = "<group>"; };
		99E3E9B726D949DB00B13674 /* AppDelegate.swift */ = {isa = PBXFileReference; lastKnownFileType = sourcecode.swift; path = AppDelegate.swift; sourceTree = "<group>"; };
		99E3E9BE26D94FDD00B13674 /* SceneDelegate.swift */ = {isa = PBXFileReference; lastKnownFileType = sourcecode.swift; path = SceneDelegate.swift; sourceTree = "<group>"; };
		99E3E9C026D953FD00B13674 /* CreateBookView.swift */ = {isa = PBXFileReference; lastKnownFileType = sourcecode.swift; path = CreateBookView.swift; sourceTree = "<group>"; };
		99FA202926DB062E006AD0D1 /* IconEditView.swift */ = {isa = PBXFileReference; lastKnownFileType = sourcecode.swift; path = IconEditView.swift; sourceTree = "<group>"; };
		99FA202B26DC0ADE006AD0D1 /* Image.swift */ = {isa = PBXFileReference; lastKnownFileType = sourcecode.swift; path = Image.swift; sourceTree = "<group>"; };
		99FA202D26DC269B006AD0D1 /* LinkComposerView.swift */ = {isa = PBXFileReference; lastKnownFileType = sourcecode.swift; path = LinkComposerView.swift; sourceTree = "<group>"; };
		99FA202F26DD2E93006AD0D1 /* LinkComposerActionsView.swift */ = {isa = PBXFileReference; lastKnownFileType = sourcecode.swift; path = LinkComposerActionsView.swift; sourceTree = "<group>"; };
		99FA203126DD3638006AD0D1 /* LinkComposerActionOptionsView.swift */ = {isa = PBXFileReference; lastKnownFileType = sourcecode.swift; path = LinkComposerActionOptionsView.swift; sourceTree = "<group>"; };
		99FA203426DD5970006AD0D1 /* SymbolsList.swift */ = {isa = PBXFileReference; lastKnownFileType = sourcecode.swift; path = SymbolsList.swift; sourceTree = "<group>"; };
		99FA203726DD6E33006AD0D1 /* LinkComposer.swift */ = {isa = PBXFileReference; lastKnownFileType = sourcecode.swift; path = LinkComposer.swift; sourceTree = "<group>"; };
/* End PBXFileReference section */

/* Begin PBXFrameworksBuildPhase section */
		99D0493B262DF34800241FAD /* Frameworks */ = {
			isa = PBXFrameworksBuildPhase;
			buildActionMask = 2147483647;
			files = (
			);
			runOnlyForDeploymentPostprocessing = 0;
		};
/* End PBXFrameworksBuildPhase section */

/* Begin PBXGroup section */
		99D04935262DF34800241FAD = {
			isa = PBXGroup;
			children = (
				99D04940262DF34800241FAD /* ReadMe */,
				99D0493F262DF34800241FAD /* Products */,
			);
			sourceTree = "<group>";
		};
		99D0493F262DF34800241FAD /* Products */ = {
			isa = PBXGroup;
			children = (
				99D0493E262DF34800241FAD /* ReadMe.app */,
			);
			name = Products;
			sourceTree = "<group>";
		};
		99D04940262DF34800241FAD /* ReadMe */ = {
			isa = PBXGroup;
			children = (
				99D0494A262DF34A00241FAD /* Info.plist */,
				99FA203C26DE8CF0006AD0D1 /* App */,
				99FA203326DD595C006AD0D1 /* Resources */,
				99FA203D26DE8DCE006AD0D1 /* Views */,
				99E3E9B926D94C7900B13674 /* Model */,
				99FA203626DD6E0B006AD0D1 /* View Models */,
				99D04947262DF34A00241FAD /* Preview Content */,
			);
			path = ReadMe;
			sourceTree = "<group>";
		};
		99D04947262DF34A00241FAD /* Preview Content */ = {
			isa = PBXGroup;
			children = (
				99D04948262DF34A00241FAD /* Preview Assets.xcassets */,
			);
			path = "Preview Content";
			sourceTree = "<group>";
		};
		99E3E9B926D94C7900B13674 /* Model */ = {
			isa = PBXGroup;
			children = (
				9988F2B226D972490093675E /* Books.xcdatamodeld */,
				9988F2AE26D9716A0093675E /* Book+CoreDataClass.swift */,
				9988F2AF26D9716A0093675E /* Book+CoreDataProperties.swift */,
				9988F2B726D978490093675E /* Link+CoreDataClass.swift */,
				9988F2B826D978490093675E /* Link+CoreDataProperties.swift */,
			);
			path = Model;
			sourceTree = "<group>";
		};
		99FA203326DD595C006AD0D1 /* Resources */ = {
			isa = PBXGroup;
			children = (
				99D04945262DF34A00241FAD /* Assets.xcassets */,
				99FA203426DD5970006AD0D1 /* SymbolsList.swift */,
				99FA202B26DC0ADE006AD0D1 /* Image.swift */,
			);
			path = Resources;
			sourceTree = "<group>";
		};
		99FA203626DD6E0B006AD0D1 /* View Models */ = {
			isa = PBXGroup;
			children = (
				99FA203726DD6E33006AD0D1 /* LinkComposer.swift */,
			);
			path = "View Models";
			sourceTree = "<group>";
		};
		99FA203C26DE8CF0006AD0D1 /* App */ = {
			isa = PBXGroup;
			children = (
				99E3E9B726D949DB00B13674 /* AppDelegate.swift */,
				99E3E9BE26D94FDD00B13674 /* SceneDelegate.swift */,
			);
			path = App;
			sourceTree = "<group>";
		};
		99FA203D26DE8DCE006AD0D1 /* Views */ = {
			isa = PBXGroup;
			children = (
				99D04943262DF34800241FAD /* ContentView.swift */,
				9988F2B526D973150093675E /* BooksView.swift */,
				992E0EC926DAEC4D0093EA3C /* LinksView.swift */,
				9953EC3D26DEB201001EBFC5 /* LinkView.swift */,
				99E3E9C026D953FD00B13674 /* CreateBookView.swift */,
				992E0EC726DAE0230093EA3C /* ScannerView.swift */,
				992E0EC526DADD7F0093EA3C /* ScannerViewController.swift */,
				992E0EC326D981910093EA3C /* CreateLinkView.swift */,
				99FA202926DB062E006AD0D1 /* IconEditView.swift */,
				99FA202D26DC269B006AD0D1 /* LinkComposerView.swift */,
				99FA202F26DD2E93006AD0D1 /* LinkComposerActionsView.swift */,
				99FA203126DD3638006AD0D1 /* LinkComposerActionOptionsView.swift */,
			);
			path = Views;
			sourceTree = "<group>";
		};
/* End PBXGroup section */

/* Begin PBXNativeTarget section */
		99D0493D262DF34800241FAD /* ReadMe */ = {
			isa = PBXNativeTarget;
			buildConfigurationList = 99D0494D262DF34A00241FAD /* Build configuration list for PBXNativeTarget "ReadMe" */;
			buildPhases = (
				99D0493A262DF34800241FAD /* Sources */,
				99D0493B262DF34800241FAD /* Frameworks */,
				99D0493C262DF34800241FAD /* Resources */,
			);
			buildRules = (
			);
			dependencies = (
			);
			name = ReadMe;
			packageProductDependencies = (
			);
			productName = ReadMe;
			productReference = 99D0493E262DF34800241FAD /* ReadMe.app */;
			productType = "com.apple.product-type.application";
		};
/* End PBXNativeTarget section */

/* Begin PBXProject section */
		99D04936262DF34800241FAD /* Project object */ = {
			isa = PBXProject;
			attributes = {
				LastSwiftUpdateCheck = 1240;
				LastUpgradeCheck = 1240;
				TargetAttributes = {
					99D0493D262DF34800241FAD = {
						CreatedOnToolsVersion = 12.4;
					};
				};
			};
			buildConfigurationList = 99D04939262DF34800241FAD /* Build configuration list for PBXProject "ReadMe" */;
			compatibilityVersion = "Xcode 9.3";
			developmentRegion = en;
			hasScannedForEncodings = 0;
			knownRegions = (
				en,
				Base,
			);
			mainGroup = 99D04935262DF34800241FAD;
			packageReferences = (
			);
			productRefGroup = 99D0493F262DF34800241FAD /* Products */;
			projectDirPath = "";
			projectRoot = "";
			targets = (
				99D0493D262DF34800241FAD /* ReadMe */,
			);
		};
/* End PBXProject section */

/* Begin PBXResourcesBuildPhase section */
		99D0493C262DF34800241FAD /* Resources */ = {
			isa = PBXResourcesBuildPhase;
			buildActionMask = 2147483647;
			files = (
				99D04949262DF34A00241FAD /* Preview Assets.xcassets in Resources */,
				99D04946262DF34A00241FAD /* Assets.xcassets in Resources */,
			);
			runOnlyForDeploymentPostprocessing = 0;
		};
/* End PBXResourcesBuildPhase section */

/* Begin PBXSourcesBuildPhase section */
		99D0493A262DF34800241FAD /* Sources */ = {
			isa = PBXSourcesBuildPhase;
			buildActionMask = 2147483647;
			files = (
				99E3E9B826D949DB00B13674 /* AppDelegate.swift in Sources */,
				9988F2B426D972490093675E /* Books.xcdatamodeld in Sources */,
				99D04944262DF34800241FAD /* ContentView.swift in Sources */,
				9988F2B126D9716A0093675E /* Book+CoreDataProperties.swift in Sources */,
				9988F2B026D9716A0093675E /* Book+CoreDataClass.swift in Sources */,
				99FA203226DD3638006AD0D1 /* LinkComposerActionOptionsView.swift in Sources */,
				992E0EC826DAE0230093EA3C /* ScannerView.swift in Sources */,
				99E3E9C126D953FD00B13674 /* CreateBookView.swift in Sources */,
				99E3E9BF26D94FDD00B13674 /* SceneDelegate.swift in Sources */,
				99FA203826DD6E33006AD0D1 /* LinkComposer.swift in Sources */,
				99FA202E26DC269B006AD0D1 /* LinkComposerView.swift in Sources */,
				99FA203026DD2E93006AD0D1 /* LinkComposerActionsView.swift in Sources */,
				9988F2B626D973150093675E /* BooksView.swift in Sources */,
				992E0ECA26DAEC4D0093EA3C /* LinksView.swift in Sources */,
				99FA202C26DC0ADE006AD0D1 /* Image.swift in Sources */,
				9988F2BA26D978490093675E /* Link+CoreDataProperties.swift in Sources */,
				9953EC3E26DEB201001EBFC5 /* LinkView.swift in Sources */,
				99FA203526DD5970006AD0D1 /* SymbolsList.swift in Sources */,
				992E0EC626DADD7F0093EA3C /* ScannerViewController.swift in Sources */,
				99FA202A26DB062E006AD0D1 /* IconEditView.swift in Sources */,
				9988F2B926D978490093675E /* Link+CoreDataClass.swift in Sources */,
				992E0EC426D981910093EA3C /* CreateLinkView.swift in Sources */,
			);
			runOnlyForDeploymentPostprocessing = 0;
		};
/* End PBXSourcesBuildPhase section */

/* Begin XCBuildConfiguration section */
		99D0494B262DF34A00241FAD /* Debug */ = {
			isa = XCBuildConfiguration;
			buildSettings = {
				ALWAYS_SEARCH_USER_PATHS = NO;
				CLANG_ANALYZER_NONNULL = YES;
				CLANG_ANALYZER_NUMBER_OBJECT_CONVERSION = YES_AGGRESSIVE;
				CLANG_CXX_LANGUAGE_STANDARD = "gnu++14";
				CLANG_CXX_LIBRARY = "libc++";
				CLANG_ENABLE_MODULES = YES;
				CLANG_ENABLE_OBJC_ARC = YES;
				CLANG_ENABLE_OBJC_WEAK = YES;
				CLANG_WARN_BLOCK_CAPTURE_AUTORELEASING = YES;
				CLANG_WARN_BOOL_CONVERSION = YES;
				CLANG_WARN_COMMA = YES;
				CLANG_WARN_CONSTANT_CONVERSION = YES;
				CLANG_WARN_DEPRECATED_OBJC_IMPLEMENTATIONS = YES;
				CLANG_WARN_DIRECT_OBJC_ISA_USAGE = YES_ERROR;
				CLANG_WARN_DOCUMENTATION_COMMENTS = YES;
				CLANG_WARN_EMPTY_BODY = YES;
				CLANG_WARN_ENUM_CONVERSION = YES;
				CLANG_WARN_INFINITE_RECURSION = YES;
				CLANG_WARN_INT_CONVERSION = YES;
				CLANG_WARN_NON_LITERAL_NULL_CONVERSION = YES;
				CLANG_WARN_OBJC_IMPLICIT_RETAIN_SELF = YES;
				CLANG_WARN_OBJC_LITERAL_CONVERSION = YES;
				CLANG_WARN_OBJC_ROOT_CLASS = YES_ERROR;
				CLANG_WARN_QUOTED_INCLUDE_IN_FRAMEWORK_HEADER = YES;
				CLANG_WARN_RANGE_LOOP_ANALYSIS = YES;
				CLANG_WARN_STRICT_PROTOTYPES = YES;
				CLANG_WARN_SUSPICIOUS_MOVE = YES;
				CLANG_WARN_UNGUARDED_AVAILABILITY = YES_AGGRESSIVE;
				CLANG_WARN_UNREACHABLE_CODE = YES;
				CLANG_WARN__DUPLICATE_METHOD_MATCH = YES;
				COPY_PHASE_STRIP = NO;
				DEBUG_INFORMATION_FORMAT = dwarf;
				ENABLE_STRICT_OBJC_MSGSEND = YES;
				ENABLE_TESTABILITY = YES;
				GCC_C_LANGUAGE_STANDARD = gnu11;
				GCC_DYNAMIC_NO_PIC = NO;
				GCC_NO_COMMON_BLOCKS = YES;
				GCC_OPTIMIZATION_LEVEL = 0;
				GCC_PREPROCESSOR_DEFINITIONS = (
					"DEBUG=1",
					"$(inherited)",
				);
				GCC_WARN_64_TO_32_BIT_CONVERSION = YES;
				GCC_WARN_ABOUT_RETURN_TYPE = YES_ERROR;
				GCC_WARN_UNDECLARED_SELECTOR = YES;
				GCC_WARN_UNINITIALIZED_AUTOS = YES_AGGRESSIVE;
				GCC_WARN_UNUSED_FUNCTION = YES;
				GCC_WARN_UNUSED_VARIABLE = YES;
				IPHONEOS_DEPLOYMENT_TARGET = 14.4;
				MTL_ENABLE_DEBUG_INFO = INCLUDE_SOURCE;
				MTL_FAST_MATH = YES;
				ONLY_ACTIVE_ARCH = YES;
				SDKROOT = iphoneos;
				SWIFT_ACTIVE_COMPILATION_CONDITIONS = DEBUG;
				SWIFT_OPTIMIZATION_LEVEL = "-Onone";
			};
			name = Debug;
		};
		99D0494C262DF34A00241FAD /* Release */ = {
			isa = XCBuildConfiguration;
			buildSettings = {
				ALWAYS_SEARCH_USER_PATHS = NO;
				CLANG_ANALYZER_NONNULL = YES;
				CLANG_ANALYZER_NUMBER_OBJECT_CONVERSION = YES_AGGRESSIVE;
				CLANG_CXX_LANGUAGE_STANDARD = "gnu++14";
				CLANG_CXX_LIBRARY = "libc++";
				CLANG_ENABLE_MODULES = YES;
				CLANG_ENABLE_OBJC_ARC = YES;
				CLANG_ENABLE_OBJC_WEAK = YES;
				CLANG_WARN_BLOCK_CAPTURE_AUTORELEASING = YES;
				CLANG_WARN_BOOL_CONVERSION = YES;
				CLANG_WARN_COMMA = YES;
				CLANG_WARN_CONSTANT_CONVERSION = YES;
				CLANG_WARN_DEPRECATED_OBJC_IMPLEMENTATIONS = YES;
				CLANG_WARN_DIRECT_OBJC_ISA_USAGE = YES_ERROR;
				CLANG_WARN_DOCUMENTATION_COMMENTS = YES;
				CLANG_WARN_EMPTY_BODY = YES;
				CLANG_WARN_ENUM_CONVERSION = YES;
				CLANG_WARN_INFINITE_RECURSION = YES;
				CLANG_WARN_INT_CONVERSION = YES;
				CLANG_WARN_NON_LITERAL_NULL_CONVERSION = YES;
				CLANG_WARN_OBJC_IMPLICIT_RETAIN_SELF = YES;
				CLANG_WARN_OBJC_LITERAL_CONVERSION = YES;
				CLANG_WARN_OBJC_ROOT_CLASS = YES_ERROR;
				CLANG_WARN_QUOTED_INCLUDE_IN_FRAMEWORK_HEADER = YES;
				CLANG_WARN_RANGE_LOOP_ANALYSIS = YES;
				CLANG_WARN_STRICT_PROTOTYPES = YES;
				CLANG_WARN_SUSPICIOUS_MOVE = YES;
				CLANG_WARN_UNGUARDED_AVAILABILITY = YES_AGGRESSIVE;
				CLANG_WARN_UNREACHABLE_CODE = YES;
				CLANG_WARN__DUPLICATE_METHOD_MATCH = YES;
				COPY_PHASE_STRIP = NO;
				DEBUG_INFORMATION_FORMAT = "dwarf-with-dsym";
				ENABLE_NS_ASSERTIONS = NO;
				ENABLE_STRICT_OBJC_MSGSEND = YES;
				GCC_C_LANGUAGE_STANDARD = gnu11;
				GCC_NO_COMMON_BLOCKS = YES;
				GCC_WARN_64_TO_32_BIT_CONVERSION = YES;
				GCC_WARN_ABOUT_RETURN_TYPE = YES_ERROR;
				GCC_WARN_UNDECLARED_SELECTOR = YES;
				GCC_WARN_UNINITIALIZED_AUTOS = YES_AGGRESSIVE;
				GCC_WARN_UNUSED_FUNCTION = YES;
				GCC_WARN_UNUSED_VARIABLE = YES;
				IPHONEOS_DEPLOYMENT_TARGET = 14.4;
				MTL_ENABLE_DEBUG_INFO = NO;
				MTL_FAST_MATH = YES;
				SDKROOT = iphoneos;
				SWIFT_COMPILATION_MODE = wholemodule;
				SWIFT_OPTIMIZATION_LEVEL = "-O";
				VALIDATE_PRODUCT = YES;
			};
			name = Release;
		};
		99D0494E262DF34A00241FAD /* Debug */ = {
			isa = XCBuildConfiguration;
			buildSettings = {
				ASSETCATALOG_COMPILER_APPICON_NAME = AppIcon;
				ASSETCATALOG_COMPILER_GLOBAL_ACCENT_COLOR_NAME = AccentColor;
				CODE_SIGN_STYLE = Automatic;
				DEVELOPMENT_ASSET_PATHS = "\"ReadMe/Preview Content\"";
				DEVELOPMENT_TEAM = 47C966XSTJ;
				ENABLE_PREVIEWS = YES;
				INFOPLIST_FILE = ReadMe/Info.plist;
				IPHONEOS_DEPLOYMENT_TARGET = 14.0;
				LD_RUNPATH_SEARCH_PATHS = (
					"$(inherited)",
					"@executable_path/Frameworks",
				);
				PRODUCT_BUNDLE_IDENTIFIER = "com.garrett-harris.adam.ReadMe";
				PRODUCT_NAME = "$(TARGET_NAME)";
				SWIFT_VERSION = 5.0;
				TARGETED_DEVICE_FAMILY = "1,2";
			};
			name = Debug;
		};
		99D0494F262DF34A00241FAD /* Release */ = {
			isa = XCBuildConfiguration;
			buildSettings = {
				ASSETCATALOG_COMPILER_APPICON_NAME = AppIcon;
				ASSETCATALOG_COMPILER_GLOBAL_ACCENT_COLOR_NAME = AccentColor;
				CODE_SIGN_STYLE = Automatic;
				DEVELOPMENT_ASSET_PATHS = "\"ReadMe/Preview Content\"";
				DEVELOPMENT_TEAM = 47C966XSTJ;
				ENABLE_PREVIEWS = YES;
				INFOPLIST_FILE = ReadMe/Info.plist;
				IPHONEOS_DEPLOYMENT_TARGET = 14.0;
				LD_RUNPATH_SEARCH_PATHS = (
					"$(inherited)",
					"@executable_path/Frameworks",
				);
				PRODUCT_BUNDLE_IDENTIFIER = "com.garrett-harris.adam.ReadMe";
				PRODUCT_NAME = "$(TARGET_NAME)";
				SWIFT_VERSION = 5.0;
				TARGETED_DEVICE_FAMILY = "1,2";
			};
			name = Release;
		};
/* End XCBuildConfiguration section */

/* Begin XCConfigurationList section */
		99D04939262DF34800241FAD /* Build configuration list for PBXProject "ReadMe" */ = {
			isa = XCConfigurationList;
			buildConfigurations = (
				99D0494B262DF34A00241FAD /* Debug */,
				99D0494C262DF34A00241FAD /* Release */,
			);
			defaultConfigurationIsVisible = 0;
			defaultConfigurationName = Release;
		};
		99D0494D262DF34A00241FAD /* Build configuration list for PBXNativeTarget "ReadMe" */ = {
			isa = XCConfigurationList;
			buildConfigurations = (
				99D0494E262DF34A00241FAD /* Debug */,
				99D0494F262DF34A00241FAD /* Release */,
			);
			defaultConfigurationIsVisible = 0;
			defaultConfigurationName = Release;
		};
/* End XCConfigurationList section */

/* Begin XCVersionGroup section */
		9988F2B226D972490093675E /* Books.xcdatamodeld */ = {
			isa = XCVersionGroup;
			children = (
				9988F2B326D972490093675E /* Books.xcdatamodel */,
			);
			currentVersion = 9988F2B326D972490093675E /* Books.xcdatamodel */;
			path = Books.xcdatamodeld;
			sourceTree = "<group>";
			versionGroupType = wrapper.xcdatamodel;
		};
/* End XCVersionGroup section */
	};
	rootObject = 99D04936262DF34800241FAD /* Project object */;
}
