// !$*UTF8*$!
{
	archiveVersion = 1;
	classes = {
	};
	objectVersion = 50;
	objects = {

/* Begin PBXBuildFile section */
		9968EB8126B4AEE8005EB171 /* BookView.swift in Sources */ = {isa = PBXBuildFile; fileRef = 9968EB8026B4AEE8005EB171 /* BookView.swift */; };
		99D04942262DF34800241FAD /* ReadMeApp.swift in Sources */ = {isa = PBXBuildFile; fileRef = 99D04941262DF34800241FAD /* ReadMeApp.swift */; };
		99D04944262DF34800241FAD /* ContentView.swift in Sources */ = {isa = PBXBuildFile; fileRef = 99D04943262DF34800241FAD /* ContentView.swift */; };
		99D04946262DF34A00241FAD /* Assets.xcassets in Resources */ = {isa = PBXBuildFile; fileRef = 99D04945262DF34A00241FAD /* Assets.xcassets */; };
		99D04949262DF34A00241FAD /* Preview Assets.xcassets in Resources */ = {isa = PBXBuildFile; fileRef = 99D04948262DF34A00241FAD /* Preview Assets.xcassets */; };
		99D04952262DF50100241FAD /* Book.swift in Sources */ = {isa = PBXBuildFile; fileRef = 99D04951262DF50100241FAD /* Book.swift */; };
/* End PBXBuildFile section */

/* Begin PBXFileReference section */
		9968EB8026B4AEE8005EB171 /* BookView.swift */ = {isa = PBXFileReference; lastKnownFileType = sourcecode.swift; path = BookView.swift; sourceTree = "<group>"; };
		99D0493E262DF34800241FAD /* ReadMe.app */ = {isa = PBXFileReference; explicitFileType = wrapper.application; includeInIndex = 0; path = ReadMe.app; sourceTree = BUILT_PRODUCTS_DIR; };
		99D04941262DF34800241FAD /* ReadMeApp.swift */ = {isa = PBXFileReference; lastKnownFileType = sourcecode.swift; path = ReadMeApp.swift; sourceTree = "<group>"; };
		99D04943262DF34800241FAD /* ContentView.swift */ = {isa = PBXFileReference; lastKnownFileType = sourcecode.swift; path = ContentView.swift; sourceTree = "<group>"; };
		99D04945262DF34A00241FAD /* Assets.xcassets */ = {isa = PBXFileReference; lastKnownFileType = folder.assetcatalog; path = Assets.xcassets; sourceTree = "<group>"; };
		99D04948262DF34A00241FAD /* Preview Assets.xcassets */ = {isa = PBXFileReference; lastKnownFileType = folder.assetcatalog; path = "Preview Assets.xcassets"; sourceTree = "<group>"; };
		99D0494A262DF34A00241FAD /* Info.plist */ = {isa = PBXFileReference; lastKnownFileType = text.plist.xml; path = Info.plist; sourceTree = "<group>"; };
		99D04951262DF50100241FAD /* Book.swift */ = {isa = PBXFileReference; lastKnownFileType = sourcecode.swift; path = Book.swift; sourceTree = "<group>"; };
/* End PBXFileReference section */

/* Begin PBXFrameworksBuildPhase section */
		99D0493B262DF34800241FAD /* Frameworks */ = {
			isa = PBXFrameworksBuildPhase;
			buildActionMask = 2147483647;
			files = (
			);
			runOnlyForDeploymentPostprocessing = 0;
		};
/* End PBXFrameworksBuildPhase section */

/* Begin PBXGroup section */
		99D04935262DF34800241FAD = {
			isa = PBXGroup;
			children = (
				99D04940262DF34800241FAD /* ReadMe */,
				99D0493F262DF34800241FAD /* Products */,
			);
			sourceTree = "<group>";
		};
		99D0493F262DF34800241FAD /* Products */ = {
			isa = PBXGroup;
			children = (
				99D0493E262DF34800241FAD /* ReadMe.app */,
			);
			name = Products;
			sourceTree = "<group>";
		};
		99D04940262DF34800241FAD /* ReadMe */ = {
			isa = PBXGroup;
			children = (
				99D04954262DF71E00241FAD /* Views */,
				99D04941262DF34800241FAD /* ReadMeApp.swift */,
				99D04951262DF50100241FAD /* Book.swift */,
				99D04945262DF34A00241FAD /* Assets.xcassets */,
				99D0494A262DF34A00241FAD /* Info.plist */,
				99D04947262DF34A00241FAD /* Preview Content */,
			);
			path = ReadMe;
			sourceTree = "<group>";
		};
		99D04947262DF34A00241FAD /* Preview Content */ = {
			isa = PBXGroup;
			children = (
				99D04948262DF34A00241FAD /* Preview Assets.xcassets */,
			);
			path = "Preview Content";
			sourceTree = "<group>";
		};
		99D04954262DF71E00241FAD /* Views */ = {
			isa = PBXGroup;
			children = (
				99D04943262DF34800241FAD /* ContentView.swift */,
				9968EB8026B4AEE8005EB171 /* BookView.swift */,
			);
			name = Views;
			sourceTree = "<group>";
		};
/* End PBXGroup section */

/* Begin PBXNativeTarget section */
		99D0493D262DF34800241FAD /* ReadMe */ = {
			isa = PBXNativeTarget;
			buildConfigurationList = 99D0494D262DF34A00241FAD /* Build configuration list for PBXNativeTarget "ReadMe" */;
			buildPhases = (
				99D0493A262DF34800241FAD /* Sources */,
				99D0493B262DF34800241FAD /* Frameworks */,
				99D0493C262DF34800241FAD /* Resources */,
			);
			buildRules = (
			);
			dependencies = (
			);
			name = ReadMe;
			productName = ReadMe;
			productReference = 99D0493E262DF34800241FAD /* ReadMe.app */;
			productType = "com.apple.product-type.application";
		};
/* End PBXNativeTarget section */

/* Begin PBXProject section */
		99D04936262DF34800241FAD /* Project object */ = {
			isa = PBXProject;
			attributes = {
				LastSwiftUpdateCheck = 1240;
				LastUpgradeCheck = 1240;
				TargetAttributes = {
					99D0493D262DF34800241FAD = {
						CreatedOnToolsVersion = 12.4;
					};
				};
			};
			buildConfigurationList = 99D04939262DF34800241FAD /* Build configuration list for PBXProject "ReadMe" */;
			compatibilityVersion = "Xcode 9.3";
			developmentRegion = en;
			hasScannedForEncodings = 0;
			knownRegions = (
				en,
				Base,
			);
			mainGroup = 99D04935262DF34800241FAD;
			productRefGroup = 99D0493F262DF34800241FAD /* Products */;
			projectDirPath = "";
			projectRoot = "";
			targets = (
				99D0493D262DF34800241FAD /* ReadMe */,
			);
		};
/* End PBXProject section */

/* Begin PBXResourcesBuildPhase section */
		99D0493C262DF34800241FAD /* Resources */ = {
			isa = PBXResourcesBuildPhase;
			buildActionMask = 2147483647;
			files = (
				99D04949262DF34A00241FAD /* Preview Assets.xcassets in Resources */,
				99D04946262DF34A00241FAD /* Assets.xcassets in Resources */,
			);
			runOnlyForDeploymentPostprocessing = 0;
		};
/* End PBXResourcesBuildPhase section */

/* Begin PBXSourcesBuildPhase section */
		99D0493A262DF34800241FAD /* Sources */ = {
			isa = PBXSourcesBuildPhase;
			buildActionMask = 2147483647;
			files = (
				99D04944262DF34800241FAD /* ContentView.swift in Sources */,
				99D04942262DF34800241FAD /* ReadMeApp.swift in Sources */,
				99D04952262DF50100241FAD /* Book.swift in Sources */,
				9968EB8126B4AEE8005EB171 /* BookView.swift in Sources */,
			);
			runOnlyForDeploymentPostprocessing = 0;
		};
/* End PBXSourcesBuildPhase section */

/* Begin XCBuildConfiguration section */
		99D0494B262DF34A00241FAD /* Debug */ = {
			isa = XCBuildConfiguration;
			buildSettings = {
				ALWAYS_SEARCH_USER_PATHS = NO;
				CLANG_ANALYZER_NONNULL = YES;
				CLANG_ANALYZER_NUMBER_OBJECT_CONVERSION = YES_AGGRESSIVE;
				CLANG_CXX_LANGUAGE_STANDARD = "gnu++14";
				CLANG_CXX_LIBRARY = "libc++";
				CLANG_ENABLE_MODULES = YES;
				CLANG_ENABLE_OBJC_ARC = YES;
				CLANG_ENABLE_OBJC_WEAK = YES;
				CLANG_WARN_BLOCK_CAPTURE_AUTORELEASING = YES;
				CLANG_WARN_BOOL_CONVERSION = YES;
				CLANG_WARN_COMMA = YES;
				CLANG_WARN_CONSTANT_CONVERSION = YES;
				CLANG_WARN_DEPRECATED_OBJC_IMPLEMENTATIONS = YES;
				CLANG_WARN_DIRECT_OBJC_ISA_USAGE = YES_ERROR;
				CLANG_WARN_DOCUMENTATION_COMMENTS = YES;
				CLANG_WARN_EMPTY_BODY = YES;
				CLANG_WARN_ENUM_CONVERSION = YES;
				CLANG_WARN_INFINITE_RECURSION = YES;
				CLANG_WARN_INT_CONVERSION = YES;
				CLANG_WARN_NON_LITERAL_NULL_CONVERSION = YES;
				CLANG_WARN_OBJC_IMPLICIT_RETAIN_SELF = YES;
				CLANG_WARN_OBJC_LITERAL_CONVERSION = YES;
				CLANG_WARN_OBJC_ROOT_CLASS = YES_ERROR;
				CLANG_WARN_QUOTED_INCLUDE_IN_FRAMEWORK_HEADER = YES;
				CLANG_WARN_RANGE_LOOP_ANALYSIS = YES;
				CLANG_WARN_STRICT_PROTOTYPES = YES;
				CLANG_WARN_SUSPICIOUS_MOVE = YES;
				CLANG_WARN_UNGUARDED_AVAILABILITY = YES_AGGRESSIVE;
				CLANG_WARN_UNREACHABLE_CODE = YES;
				CLANG_WARN__DUPLICATE_METHOD_MATCH = YES;
				COPY_PHASE_STRIP = NO;
				DEBUG_INFORMATION_FORMAT = dwarf;
				ENABLE_STRICT_OBJC_MSGSEND = YES;
				ENABLE_TESTABILITY = YES;
				GCC_C_LANGUAGE_STANDARD = gnu11;
				GCC_DYNAMIC_NO_PIC = NO;
				GCC_NO_COMMON_BLOCKS = YES;
				GCC_OPTIMIZATION_LEVEL = 0;
				GCC_PREPROCESSOR_DEFINITIONS = (
					"DEBUG=1",
					"$(inherited)",
				);
				GCC_WARN_64_TO_32_BIT_CONVERSION = YES;
				GCC_WARN_ABOUT_RETURN_TYPE = YES_ERROR;
				GCC_WARN_UNDECLARED_SELECTOR = YES;
				GCC_WARN_UNINITIALIZED_AUTOS = YES_AGGRESSIVE;
				GCC_WARN_UNUSED_FUNCTION = YES;
				GCC_WARN_UNUSED_VARIABLE = YES;
				IPHONEOS_DEPLOYMENT_TARGET = 14.4;
				MTL_ENABLE_DEBUG_INFO = INCLUDE_SOURCE;
				MTL_FAST_MATH = YES;
				ONLY_ACTIVE_ARCH = YES;
				SDKROOT = iphoneos;
				SWIFT_ACTIVE_COMPILATION_CONDITIONS = DEBUG;
				SWIFT_OPTIMIZATION_LEVEL = "-Onone";
			};
			name = Debug;
		};
		99D0494C262DF34A00241FAD /* Release */ = {
			isa = XCBuildConfiguration;
			buildSettings = {
				ALWAYS_SEARCH_USER_PATHS = NO;
				CLANG_ANALYZER_NONNULL = YES;
				CLANG_ANALYZER_NUMBER_OBJECT_CONVERSION = YES_AGGRESSIVE;
				CLANG_CXX_LANGUAGE_STANDARD = "gnu++14";
				CLANG_CXX_LIBRARY = "libc++";
				CLANG_ENABLE_MODULES = YES;
				CLANG_ENABLE_OBJC_ARC = YES;
				CLANG_ENABLE_OBJC_WEAK = YES;
				CLANG_WARN_BLOCK_CAPTURE_AUTORELEASING = YES;
				CLANG_WARN_BOOL_CONVERSION = YES;
				CLANG_WARN_COMMA = YES;
				CLANG_WARN_CONSTANT_CONVERSION = YES;
				CLANG_WARN_DEPRECATED_OBJC_IMPLEMENTATIONS = YES;
				CLANG_WARN_DIRECT_OBJC_ISA_USAGE = YES_ERROR;
				CLANG_WARN_DOCUMENTATION_COMMENTS = YES;
				CLANG_WARN_EMPTY_BODY = YES;
				CLANG_WARN_ENUM_CONVERSION = YES;
				CLANG_WARN_INFINITE_RECURSION = YES;
				CLANG_WARN_INT_CONVERSION = YES;
				CLANG_WARN_NON_LITERAL_NULL_CONVERSION = YES;
				CLANG_WARN_OBJC_IMPLICIT_RETAIN_SELF = YES;
				CLANG_WARN_OBJC_LITERAL_CONVERSION = YES;
				CLANG_WARN_OBJC_ROOT_CLASS = YES_ERROR;
				CLANG_WARN_QUOTED_INCLUDE_IN_FRAMEWORK_HEADER = YES;
				CLANG_WARN_RANGE_LOOP_ANALYSIS = YES;
				CLANG_WARN_STRICT_PROTOTYPES = YES;
				CLANG_WARN_SUSPICIOUS_MOVE = YES;
				CLANG_WARN_UNGUARDED_AVAILABILITY = YES_AGGRESSIVE;
				CLANG_WARN_UNREACHABLE_CODE = YES;
				CLANG_WARN__DUPLICATE_METHOD_MATCH = YES;
				COPY_PHASE_STRIP = NO;
				DEBUG_INFORMATION_FORMAT = "dwarf-with-dsym";
				ENABLE_NS_ASSERTIONS = NO;
				ENABLE_STRICT_OBJC_MSGSEND = YES;
				GCC_C_LANGUAGE_STANDARD = gnu11;
				GCC_NO_COMMON_BLOCKS = YES;
				GCC_WARN_64_TO_32_BIT_CONVERSION = YES;
				GCC_WARN_ABOUT_RETURN_TYPE = YES_ERROR;
				GCC_WARN_UNDECLARED_SELECTOR = YES;
				GCC_WARN_UNINITIALIZED_AUTOS = YES_AGGRESSIVE;
				GCC_WARN_UNUSED_FUNCTION = YES;
				GCC_WARN_UNUSED_VARIABLE = YES;
				IPHONEOS_DEPLOYMENT_TARGET = 14.4;
				MTL_ENABLE_DEBUG_INFO = NO;
				MTL_FAST_MATH = YES;
				SDKROOT = iphoneos;
				SWIFT_COMPILATION_MODE = wholemodule;
				SWIFT_OPTIMIZATION_LEVEL = "-O";
				VALIDATE_PRODUCT = YES;
			};
			name = Release;
		};
		99D0494E262DF34A00241FAD /* Debug */ = {
			isa = XCBuildConfiguration;
			buildSettings = {
				ASSETCATALOG_COMPILER_APPICON_NAME = AppIcon;
				ASSETCATALOG_COMPILER_GLOBAL_ACCENT_COLOR_NAME = AccentColor;
				CODE_SIGN_STYLE = Automatic;
				DEVELOPMENT_ASSET_PATHS = "\"ReadMe/Preview Content\"";
				DEVELOPMENT_TEAM = 47C966XSTJ;
				ENABLE_PREVIEWS = YES;
				INFOPLIST_FILE = ReadMe/Info.plist;
				IPHONEOS_DEPLOYMENT_TARGET = 14.0;
				LD_RUNPATH_SEARCH_PATHS = (
					"$(inherited)",
					"@executable_path/Frameworks",
				);
				PRODUCT_BUNDLE_IDENTIFIER = "com.garrett-harris.adam.ReadMe";
				PRODUCT_NAME = "$(TARGET_NAME)";
				SWIFT_VERSION = 5.0;
				TARGETED_DEVICE_FAMILY = "1,2";
			};
			name = Debug;
		};
		99D0494F262DF34A00241FAD /* Release */ = {
			isa = XCBuildConfiguration;
			buildSettings = {
				ASSETCATALOG_COMPILER_APPICON_NAME = AppIcon;
				ASSETCATALOG_COMPILER_GLOBAL_ACCENT_COLOR_NAME = AccentColor;
				CODE_SIGN_STYLE = Automatic;
				DEVELOPMENT_ASSET_PATHS = "\"ReadMe/Preview Content\"";
				DEVELOPMENT_TEAM = 47C966XSTJ;
				ENABLE_PREVIEWS = YES;
				INFOPLIST_FILE = ReadMe/Info.plist;
				IPHONEOS_DEPLOYMENT_TARGET = 14.0;
				LD_RUNPATH_SEARCH_PATHS = (
					"$(inherited)",
					"@executable_path/Frameworks",
				);
				PRODUCT_BUNDLE_IDENTIFIER = "com.garrett-harris.adam.ReadMe";
				PRODUCT_NAME = "$(TARGET_NAME)";
				SWIFT_VERSION = 5.0;
				TARGETED_DEVICE_FAMILY = "1,2";
			};
			name = Release;
		};
/* End XCBuildConfiguration section */

/* Begin XCConfigurationList section */
		99D04939262DF34800241FAD /* Build configuration list for PBXProject "ReadMe" */ = {
			isa = XCConfigurationList;
			buildConfigurations = (
				99D0494B262DF34A00241FAD /* Debug */,
				99D0494C262DF34A00241FAD /* Release */,
			);
			defaultConfigurationIsVisible = 0;
			defaultConfigurationName = Release;
		};
		99D0494D262DF34A00241FAD /* Build configuration list for PBXNativeTarget "ReadMe" */ = {
			isa = XCConfigurationList;
			buildConfigurations = (
				99D0494E262DF34A00241FAD /* Debug */,
				99D0494F262DF34A00241FAD /* Release */,
			);
			defaultConfigurationIsVisible = 0;
			defaultConfigurationName = Release;
		};
/* End XCConfigurationList section */
	};
	rootObject = 99D04936262DF34800241FAD /* Project object */;
}
